// !$*UTF8*$!
{
	archiveVersion = 1;
	classes = {
	};
	objectVersion = 46;
	objects = {

/* Begin PBXBuildFile section */
		B4256B801CAEDBEC00A4C928 /* AppDelegate.swift in Sources */ = {isa = PBXBuildFile; fileRef = B4256B7F1CAEDBEC00A4C928 /* AppDelegate.swift */; };
		B4256B821CAEDBEC00A4C928 /* ViewController.swift in Sources */ = {isa = PBXBuildFile; fileRef = B4256B811CAEDBEC00A4C928 /* ViewController.swift */; };
		B4256B851CAEDBEC00A4C928 /* Main.storyboard in Resources */ = {isa = PBXBuildFile; fileRef = B4256B831CAEDBEC00A4C928 /* Main.storyboard */; };
		B4256B871CAEDBEC00A4C928 /* Assets.xcassets in Resources */ = {isa = PBXBuildFile; fileRef = B4256B861CAEDBEC00A4C928 /* Assets.xcassets */; };
		B4256B8A1CAEDBEC00A4C928 /* LaunchScreen.storyboard in Resources */ = {isa = PBXBuildFile; fileRef = B4256B881CAEDBEC00A4C928 /* LaunchScreen.storyboard */; };
		B4256B951CAEDBEC00A4C928 /* Tarea2Tests.swift in Sources */ = {isa = PBXBuildFile; fileRef = B4256B941CAEDBEC00A4C928 /* Tarea2Tests.swift */; };
		B4256BA01CAEDBEC00A4C928 /* Tarea2UITests.swift in Sources */ = {isa = PBXBuildFile; fileRef = B4256B9F1CAEDBEC00A4C928 /* Tarea2UITests.swift */; };
/* End PBXBuildFile section */

/* Begin PBXContainerItemProxy section */
		B4256B911CAEDBEC00A4C928 /* PBXContainerItemProxy */ = {
			isa = PBXContainerItemProxy;
			containerPortal = B4256B741CAEDBEC00A4C928 /* Project object */;
			proxyType = 1;
			remoteGlobalIDString = B4256B7B1CAEDBEC00A4C928;
			remoteInfo = Tarea2;
		};
		B4256B9C1CAEDBEC00A4C928 /* PBXContainerItemProxy */ = {
			isa = PBXContainerItemProxy;
			containerPortal = B4256B741CAEDBEC00A4C928 /* Project object */;
			proxyType = 1;
			remoteGlobalIDString = B4256B7B1CAEDBEC00A4C928;
			remoteInfo = Tarea2;
		};
/* End PBXContainerItemProxy section */

/* Begin PBXFileReference section */
		B4256B7C1CAEDBEC00A4C928 /* Tarea2.app */ = {isa = PBXFileReference; explicitFileType = wrapper.application; includeInIndex = 0; path = Tarea2.app; sourceTree = BUILT_PRODUCTS_DIR; };
		B4256B7F1CAEDBEC00A4C928 /* AppDelegate.swift */ = {isa = PBXFileReference; lastKnownFileType = sourcecode.swift; path = AppDelegate.swift; sourceTree = "<group>"; };
		B4256B811CAEDBEC00A4C928 /* ViewController.swift */ = {isa = PBXFileReference; lastKnownFileType = sourcecode.swift; path = ViewController.swift; sourceTree = "<group>"; };
		B4256B841CAEDBEC00A4C928 /* Base */ = {isa = PBXFileReference; lastKnownFileType = file.storyboard; name = Base; path = Base.lproj/Main.storyboard; sourceTree = "<group>"; };
		B4256B861CAEDBEC00A4C928 /* Assets.xcassets */ = {isa = PBXFileReference; lastKnownFileType = folder.assetcatalog; path = Assets.xcassets; sourceTree = "<group>"; };
		B4256B891CAEDBEC00A4C928 /* Base */ = {isa = PBXFileReference; lastKnownFileType = file.storyboard; name = Base; path = Base.lproj/LaunchScreen.storyboard; sourceTree = "<group>"; };
		B4256B8B1CAEDBEC00A4C928 /* Info.plist */ = {isa = PBXFileReference; lastKnownFileType = text.plist.xml; path = Info.plist; sourceTree = "<group>"; };
		B4256B901CAEDBEC00A4C928 /* Tarea2Tests.xctest */ = {isa = PBXFileReference; explicitFileType = wrapper.cfbundle; includeInIndex = 0; path = Tarea2Tests.xctest; sourceTree = BUILT_PRODUCTS_DIR; };
		B4256B941CAEDBEC00A4C928 /* Tarea2Tests.swift */ = {isa = PBXFileReference; lastKnownFileType = sourcecode.swift; path = Tarea2Tests.swift; sourceTree = "<group>"; };
		B4256B961CAEDBEC00A4C928 /* Info.plist */ = {isa = PBXFileReference; lastKnownFileType = text.plist.xml; path = Info.plist; sourceTree = "<group>"; };
		B4256B9B1CAEDBEC00A4C928 /* Tarea2UITests.xctest */ = {isa = PBXFileReference; explicitFileType = wrapper.cfbundle; includeInIndex = 0; path = Tarea2UITests.xctest; sourceTree = BUILT_PRODUCTS_DIR; };
		B4256B9F1CAEDBEC00A4C928 /* Tarea2UITests.swift */ = {isa = PBXFileReference; lastKnownFileType = sourcecode.swift; path = Tarea2UITests.swift; sourceTree = "<group>"; };
		B4256BA11CAEDBEC00A4C928 /* Info.plist */ = {isa = PBXFileReference; lastKnownFileType = text.plist.xml; path = Info.plist; sourceTree = "<group>"; };
		B4256BAD1CAEDC0900A4C928 /* JuegoMemoria.playground */ = {isa = PBXFileReference; lastKnownFileType = file.playground; path = JuegoMemoria.playground; sourceTree = "<group>"; };
/* End PBXFileReference section */

/* Begin PBXFrameworksBuildPhase section */
		B4256B791CAEDBEC00A4C928 /* Frameworks */ = {
			isa = PBXFrameworksBuildPhase;
			buildActionMask = 2147483647;
			files = (
			);
			runOnlyForDeploymentPostprocessing = 0;
		};
		B4256B8D1CAEDBEC00A4C928 /* Frameworks */ = {
			isa = PBXFrameworksBuildPhase;
			buildActionMask = 2147483647;
			files = (
			);
			runOnlyForDeploymentPostprocessing = 0;
		};
		B4256B981CAEDBEC00A4C928 /* Frameworks */ = {
			isa = PBXFrameworksBuildPhase;
			buildActionMask = 2147483647;
			files = (
			);
			runOnlyForDeploymentPostprocessing = 0;
		};
/* End PBXFrameworksBuildPhase section */

/* Begin PBXGroup section */
		B4256B731CAEDBEC00A4C928 = {
			isa = PBXGroup;
			children = (
				B4256BAD1CAEDC0900A4C928 /* JuegoMemoria.playground */,
				B4256B7E1CAEDBEC00A4C928 /* Tarea2 */,
				B4256B931CAEDBEC00A4C928 /* Tarea2Tests */,
				B4256B9E1CAEDBEC00A4C928 /* Tarea2UITests */,
				B4256B7D1CAEDBEC00A4C928 /* Products */,
			);
			sourceTree = "<group>";
		};
		B4256B7D1CAEDBEC00A4C928 /* Products */ = {
			isa = PBXGroup;
			children = (
				B4256B7C1CAEDBEC00A4C928 /* Tarea2.app */,
				B4256B901CAEDBEC00A4C928 /* Tarea2Tests.xctest */,
				B4256B9B1CAEDBEC00A4C928 /* Tarea2UITests.xctest */,
			);
			name = Products;
			sourceTree = "<group>";
		};
		B4256B7E1CAEDBEC00A4C928 /* Tarea2 */ = {
			isa = PBXGroup;
			children = (
				B4256B7F1CAEDBEC00A4C928 /* AppDelegate.swift */,
				B4256B811CAEDBEC00A4C928 /* ViewController.swift */,
				B4256B831CAEDBEC00A4C928 /* Main.storyboard */,
				B4256B861CAEDBEC00A4C928 /* Assets.xcassets */,
				B4256B881CAEDBEC00A4C928 /* LaunchScreen.storyboard */,
				B4256B8B1CAEDBEC00A4C928 /* Info.plist */,
			);
			path = Tarea2;
			sourceTree = "<group>";
		};
		B4256B931CAEDBEC00A4C928 /* Tarea2Tests */ = {
			isa = PBXGroup;
			children = (
				B4256B941CAEDBEC00A4C928 /* Tarea2Tests.swift */,
				B4256B961CAEDBEC00A4C928 /* Info.plist */,
			);
			path = Tarea2Tests;
			sourceTree = "<group>";
		};
		B4256B9E1CAEDBEC00A4C928 /* Tarea2UITests */ = {
			isa = PBXGroup;
			children = (
				B4256B9F1CAEDBEC00A4C928 /* Tarea2UITests.swift */,
				B4256BA11CAEDBEC00A4C928 /* Info.plist */,
			);
			path = Tarea2UITests;
			sourceTree = "<group>";
		};
/* End PBXGroup section */

/* Begin PBXNativeTarget section */
		B4256B7B1CAEDBEC00A4C928 /* Tarea2 */ = {
			isa = PBXNativeTarget;
			buildConfigurationList = B4256BA41CAEDBEC00A4C928 /* Build configuration list for PBXNativeTarget "Tarea2" */;
			buildPhases = (
				B4256B781CAEDBEC00A4C928 /* Sources */,
				B4256B791CAEDBEC00A4C928 /* Frameworks */,
				B4256B7A1CAEDBEC00A4C928 /* Resources */,
			);
			buildRules = (
			);
			dependencies = (
			);
			name = Tarea2;
			productName = Tarea2;
			productReference = B4256B7C1CAEDBEC00A4C928 /* Tarea2.app */;
			productType = "com.apple.product-type.application";
		};
		B4256B8F1CAEDBEC00A4C928 /* Tarea2Tests */ = {
			isa = PBXNativeTarget;
			buildConfigurationList = B4256BA71CAEDBEC00A4C928 /* Build configuration list for PBXNativeTarget "Tarea2Tests" */;
			buildPhases = (
				B4256B8C1CAEDBEC00A4C928 /* Sources */,
				B4256B8D1CAEDBEC00A4C928 /* Frameworks */,
				B4256B8E1CAEDBEC00A4C928 /* Resources */,
			);
			buildRules = (
			);
			dependencies = (
				B4256B921CAEDBEC00A4C928 /* PBXTargetDependency */,
			);
			name = Tarea2Tests;
			productName = Tarea2Tests;
			productReference = B4256B901CAEDBEC00A4C928 /* Tarea2Tests.xctest */;
			productType = "com.apple.product-type.bundle.unit-test";
		};
		B4256B9A1CAEDBEC00A4C928 /* Tarea2UITests */ = {
			isa = PBXNativeTarget;
			buildConfigurationList = B4256BAA1CAEDBEC00A4C928 /* Build configuration list for PBXNativeTarget "Tarea2UITests" */;
			buildPhases = (
				B4256B971CAEDBEC00A4C928 /* Sources */,
				B4256B981CAEDBEC00A4C928 /* Frameworks */,
				B4256B991CAEDBEC00A4C928 /* Resources */,
			);
			buildRules = (
			);
			dependencies = (
				B4256B9D1CAEDBEC00A4C928 /* PBXTargetDependency */,
			);
			name = Tarea2UITests;
			productName = Tarea2UITests;
			productReference = B4256B9B1CAEDBEC00A4C928 /* Tarea2UITests.xctest */;
			productType = "com.apple.product-type.bundle.ui-testing";
		};
/* End PBXNativeTarget section */

/* Begin PBXProject section */
		B4256B741CAEDBEC00A4C928 /* Project object */ = {
			isa = PBXProject;
			attributes = {
				LastSwiftUpdateCheck = 0720;
				LastUpgradeCheck = 0720;
				ORGANIZATIONNAME = "Marta González-Llanos";
				TargetAttributes = {
					B4256B7B1CAEDBEC00A4C928 = {
						CreatedOnToolsVersion = 7.2;
					};
					B4256B8F1CAEDBEC00A4C928 = {
						CreatedOnToolsVersion = 7.2;
						TestTargetID = B4256B7B1CAEDBEC00A4C928;
					};
					B4256B9A1CAEDBEC00A4C928 = {
						CreatedOnToolsVersion = 7.2;
						TestTargetID = B4256B7B1CAEDBEC00A4C928;
					};
				};
			};
			buildConfigurationList = B4256B771CAEDBEC00A4C928 /* Build configuration list for PBXProject "Tarea2" */;
			compatibilityVersion = "Xcode 3.2";
			developmentRegion = English;
			hasScannedForEncodings = 0;
			knownRegions = (
				en,
				Base,
			);
			mainGroup = B4256B731CAEDBEC00A4C928;
			productRefGroup = B4256B7D1CAEDBEC00A4C928 /* Products */;
			projectDirPath = "";
			projectRoot = "";
			targets = (
				B4256B7B1CAEDBEC00A4C928 /* Tarea2 */,
				B4256B8F1CAEDBEC00A4C928 /* Tarea2Tests */,
				B4256B9A1CAEDBEC00A4C928 /* Tarea2UITests */,
			);
		};
/* End PBXProject section */

/* Begin PBXResourcesBuildPhase section */
		B4256B7A1CAEDBEC00A4C928 /* Resources */ = {
			isa = PBXResourcesBuildPhase;
			buildActionMask = 2147483647;
			files = (
				B4256B8A1CAEDBEC00A4C928 /* LaunchScreen.storyboard in Resources */,
				B4256B871CAEDBEC00A4C928 /* Assets.xcassets in Resources */,
				B4256B851CAEDBEC00A4C928 /* Main.storyboard in Resources */,
			);
			runOnlyForDeploymentPostprocessing = 0;
		};
		B4256B8E1CAEDBEC00A4C928 /* Resources */ = {
			isa = PBXResourcesBuildPhase;
			buildActionMask = 2147483647;
			files = (
			);
			runOnlyForDeploymentPostprocessing = 0;
		};
		B4256B991CAEDBEC00A4C928 /* Resources */ = {
			isa = PBXResourcesBuildPhase;
			buildActionMask = 2147483647;
			files = (
			);
			runOnlyForDeploymentPostprocessing = 0;
		};
/* End PBXResourcesBuildPhase section */

/* Begin PBXSourcesBuildPhase section */
		B4256B781CAEDBEC00A4C928 /* Sources */ = {
			isa = PBXSourcesBuildPhase;
			buildActionMask = 2147483647;
			files = (
				B4256B821CAEDBEC00A4C928 /* ViewController.swift in Sources */,
				B4256B801CAEDBEC00A4C928 /* AppDelegate.swift in Sources */,
			);
			runOnlyForDeploymentPostprocessing = 0;
		};
		B4256B8C1CAEDBEC00A4C928 /* Sources */ = {
			isa = PBXSourcesBuildPhase;
			buildActionMask = 2147483647;
			files = (
				B4256B951CAEDBEC00A4C928 /* Tarea2Tests.swift in Sources */,
			);
			runOnlyForDeploymentPostprocessing = 0;
		};
		B4256B971CAEDBEC00A4C928 /* Sources */ = {
			isa = PBXSourcesBuildPhase;
			buildActionMask = 2147483647;
			files = (
				B4256BA01CAEDBEC00A4C928 /* Tarea2UITests.swift in Sources */,
			);
			runOnlyForDeploymentPostprocessing = 0;
		};
/* End PBXSourcesBuildPhase section */

/* Begin PBXTargetDependency section */
		B4256B921CAEDBEC00A4C928 /* PBXTargetDependency */ = {
			isa = PBXTargetDependency;
			target = B4256B7B1CAEDBEC00A4C928 /* Tarea2 */;
			targetProxy = B4256B911CAEDBEC00A4C928 /* PBXContainerItemProxy */;
		};
		B4256B9D1CAEDBEC00A4C928 /* PBXTargetDependency */ = {
			isa = PBXTargetDependency;
			target = B4256B7B1CAEDBEC00A4C928 /* Tarea2 */;
			targetProxy = B4256B9C1CAEDBEC00A4C928 /* PBXContainerItemProxy */;
		};
/* End PBXTargetDependency section */

/* Begin PBXVariantGroup section */
		B4256B831CAEDBEC00A4C928 /* Main.storyboard */ = {
			isa = PBXVariantGroup;
			children = (
				B4256B841CAEDBEC00A4C928 /* Base */,
			);
			name = Main.storyboard;
			sourceTree = "<group>";
		};
		B4256B881CAEDBEC00A4C928 /* LaunchScreen.storyboard */ = {
			isa = PBXVariantGroup;
			children = (
				B4256B891CAEDBEC00A4C928 /* Base */,
			);
			name = LaunchScreen.storyboard;
			sourceTree = "<group>";
		};
/* End PBXVariantGroup section */

/* Begin XCBuildConfiguration section */
		B4256BA21CAEDBEC00A4C928 /* Debug */ = {
			isa = XCBuildConfiguration;
			buildSettings = {
				ALWAYS_SEARCH_USER_PATHS = NO;
				CLANG_CXX_LANGUAGE_STANDARD = "gnu++0x";
				CLANG_CXX_LIBRARY = "libc++";
				CLANG_ENABLE_MODULES = YES;
				CLANG_ENABLE_OBJC_ARC = YES;
				CLANG_WARN_BOOL_CONVERSION = YES;
				CLANG_WARN_CONSTANT_CONVERSION = YES;
				CLANG_WARN_DIRECT_OBJC_ISA_USAGE = YES_ERROR;
				CLANG_WARN_EMPTY_BODY = YES;
				CLANG_WARN_ENUM_CONVERSION = YES;
				CLANG_WARN_INT_CONVERSION = YES;
				CLANG_WARN_OBJC_ROOT_CLASS = YES_ERROR;
				CLANG_WARN_UNREACHABLE_CODE = YES;
				CLANG_WARN__DUPLICATE_METHOD_MATCH = YES;
				"CODE_SIGN_IDENTITY[sdk=iphoneos*]" = "iPhone Developer";
				COPY_PHASE_STRIP = NO;
				DEBUG_INFORMATION_FORMAT = dwarf;
				ENABLE_STRICT_OBJC_MSGSEND = YES;
				ENABLE_TESTABILITY = YES;
				GCC_C_LANGUAGE_STANDARD = gnu99;
				GCC_DYNAMIC_NO_PIC = NO;
				GCC_NO_COMMON_BLOCKS = YES;
				GCC_OPTIMIZATION_LEVEL = 0;
				GCC_PREPROCESSOR_DEFINITIONS = (
					"DEBUG=1",
					"$(inherited)",
				);
				GCC_WARN_64_TO_32_BIT_CONVERSION = YES;
				GCC_WARN_ABOUT_RETURN_TYPE = YES_ERROR;
				GCC_WARN_UNDECLARED_SELECTOR = YES;
				GCC_WARN_UNINITIALIZED_AUTOS = YES_AGGRESSIVE;
				GCC_WARN_UNUSED_FUNCTION = YES;
				GCC_WARN_UNUSED_VARIABLE = YES;
				IPHONEOS_DEPLOYMENT_TARGET = 9.2;
				MTL_ENABLE_DEBUG_INFO = YES;
				ONLY_ACTIVE_ARCH = YES;
				SDKROOT = iphoneos;
				SWIFT_OPTIMIZATION_LEVEL = "-Onone";
			};
			name = Debug;
		};
		B4256BA31CAEDBEC00A4C928 /* Release */ = {
			isa = XCBuildConfiguration;
			buildSettings = {
				ALWAYS_SEARCH_USER_PATHS = NO;
				CLANG_CXX_LANGUAGE_STANDARD = "gnu++0x";
				CLANG_CXX_LIBRARY = "libc++";
				CLANG_ENABLE_MODULES = YES;
				CLANG_ENABLE_OBJC_ARC = YES;
				CLANG_WARN_BOOL_CONVERSION = YES;
				CLANG_WARN_CONSTANT_CONVERSION = YES;
				CLANG_WARN_DIRECT_OBJC_ISA_USAGE = YES_ERROR;
				CLANG_WARN_EMPTY_BODY = YES;
				CLANG_WARN_ENUM_CONVERSION = YES;
				CLANG_WARN_INT_CONVERSION = YES;
				CLANG_WARN_OBJC_ROOT_CLASS = YES_ERROR;
				CLANG_WARN_UNREACHABLE_CODE = YES;
				CLANG_WARN__DUPLICATE_METHOD_MATCH = YES;
				"CODE_SIGN_IDENTITY[sdk=iphoneos*]" = "iPhone Developer";
				COPY_PHASE_STRIP = NO;
				DEBUG_INFORMATION_FORMAT = "dwarf-with-dsym";
				ENABLE_NS_ASSERTIONS = NO;
				ENABLE_STRICT_OBJC_MSGSEND = YES;
				GCC_C_LANGUAGE_STANDARD = gnu99;
				GCC_NO_COMMON_BLOCKS = YES;
				GCC_WARN_64_TO_32_BIT_CONVERSION = YES;
				GCC_WARN_ABOUT_RETURN_TYPE = YES_ERROR;
				GCC_WARN_UNDECLARED_SELECTOR = YES;
				GCC_WARN_UNINITIALIZED_AUTOS = YES_AGGRESSIVE;
				GCC_WARN_UNUSED_FUNCTION = YES;
				GCC_WARN_UNUSED_VARIABLE = YES;
				IPHONEOS_DEPLOYMENT_TARGET = 9.2;
				MTL_ENABLE_DEBUG_INFO = NO;
				SDKROOT = iphoneos;
				VALIDATE_PRODUCT = YES;
			};
			name = Release;
		};
		B4256BA51CAEDBEC00A4C928 /* Debug */ = {
			isa = XCBuildConfiguration;
			buildSettings = {
				ASSETCATALOG_COMPILER_APPICON_NAME = AppIcon;
				INFOPLIST_FILE = Tarea2/Info.plist;
				LD_RUNPATH_SEARCH_PATHS = "$(inherited) @executable_path/Frameworks";
				PRODUCT_BUNDLE_IDENTIFIER = com.martallanos.Tarea2;
				PRODUCT_NAME = "$(TARGET_NAME)";
			};
			name = Debug;
		};
		B4256BA61CAEDBEC00A4C928 /* Release */ = {
			isa = XCBuildConfiguration;
			buildSettings = {
				ASSETCATALOG_COMPILER_APPICON_NAME = AppIcon;
				INFOPLIST_FILE = Tarea2/Info.plist;
				LD_RUNPATH_SEARCH_PATHS = "$(inherited) @executable_path/Frameworks";
				PRODUCT_BUNDLE_IDENTIFIER = com.martallanos.Tarea2;
				PRODUCT_NAME = "$(TARGET_NAME)";
			};
			name = Release;
		};
		B4256BA81CAEDBEC00A4C928 /* Debug */ = {
			isa = XCBuildConfiguration;
			buildSettings = {
				BUNDLE_LOADER = "$(TEST_HOST)";
				INFOPLIST_FILE = Tarea2Tests/Info.plist;
				LD_RUNPATH_SEARCH_PATHS = "$(inherited) @executable_path/Frameworks @loader_path/Frameworks";
				PRODUCT_BUNDLE_IDENTIFIER = com.martallanos.Tarea2Tests;
				PRODUCT_NAME = "$(TARGET_NAME)";
				TEST_HOST = "$(BUILT_PRODUCTS_DIR)/Tarea2.app/Tarea2";
			};
			name = Debug;
		};
		B4256BA91CAEDBEC00A4C928 /* Release */ = {
			isa = XCBuildConfiguration;
			buildSettings = {
				BUNDLE_LOADER = "$(TEST_HOST)";
				INFOPLIST_FILE = Tarea2Tests/Info.plist;
				LD_RUNPATH_SEARCH_PATHS = "$(inherited) @executable_path/Frameworks @loader_path/Frameworks";
				PRODUCT_BUNDLE_IDENTIFIER = com.martallanos.Tarea2Tests;
				PRODUCT_NAME = "$(TARGET_NAME)";
				TEST_HOST = "$(BUILT_PRODUCTS_DIR)/Tarea2.app/Tarea2";
			};
			name = Release;
		};
		B4256BAB1CAEDBEC00A4C928 /* Debug */ = {
			isa = XCBuildConfiguration;
			buildSettings = {
				INFOPLIST_FILE = Tarea2UITests/Info.plist;
				LD_RUNPATH_SEARCH_PATHS = "$(inherited) @executable_path/Frameworks @loader_path/Frameworks";
				PRODUCT_BUNDLE_IDENTIFIER = com.martallanos.Tarea2UITests;
				PRODUCT_NAME = "$(TARGET_NAME)";
				TEST_TARGET_NAME = Tarea2;
				USES_XCTRUNNER = YES;
			};
			name = Debug;
		};
		B4256BAC1CAEDBEC00A4C928 /* Release */ = {
			isa = XCBuildConfiguration;
			buildSettings = {
				INFOPLIST_FILE = Tarea2UITests/Info.plist;
				LD_RUNPATH_SEARCH_PATHS = "$(inherited) @executable_path/Frameworks @loader_path/Frameworks";
				PRODUCT_BUNDLE_IDENTIFIER = com.martallanos.Tarea2UITests;
				PRODUCT_NAME = "$(TARGET_NAME)";
				TEST_TARGET_NAME = Tarea2;
				USES_XCTRUNNER = YES;
			};
			name = Release;
		};
/* End XCBuildConfiguration section */

/* Begin XCConfigurationList section */
		B4256B771CAEDBEC00A4C928 /* Build configuration list for PBXProject "Tarea2" */ = {
			isa = XCConfigurationList;
			buildConfigurations = (
				B4256BA21CAEDBEC00A4C928 /* Debug */,
				B4256BA31CAEDBEC00A4C928 /* Release */,
			);
			defaultConfigurationIsVisible = 0;
			defaultConfigurationName = Release;
		};
		B4256BA41CAEDBEC00A4C928 /* Build configuration list for PBXNativeTarget "Tarea2" */ = {
			isa = XCConfigurationList;
			buildConfigurations = (
				B4256BA51CAEDBEC00A4C928 /* Debug */,
				B4256BA61CAEDBEC00A4C928 /* Release */,
			);
			defaultConfigurationIsVisible = 0;
		};
		B4256BA71CAEDBEC00A4C928 /* Build configuration list for PBXNativeTarget "Tarea2Tests" */ = {
			isa = XCConfigurationList;
			buildConfigurations = (
				B4256BA81CAEDBEC00A4C928 /* Debug */,
				B4256BA91CAEDBEC00A4C928 /* Release */,
			);
			defaultConfigurationIsVisible = 0;
		};
		B4256BAA1CAEDBEC00A4C928 /* Build configuration list for PBXNativeTarget "Tarea2UITests" */ = {
			isa = XCConfigurationList;
			buildConfigurations = (
				B4256BAB1CAEDBEC00A4C928 /* Debug */,
				B4256BAC1CAEDBEC00A4C928 /* Release */,
			);
			defaultConfigurationIsVisible = 0;
		};
/* End XCConfigurationList section */
	};
	rootObject = B4256B741CAEDBEC00A4C928 /* Project object */;
}
